
Microsoft Visual Studio Solution File, Format Version 12.00
# Visual Studio Version 16
VisualStudioVersion = 25.0.1700.7
MinimumVisualStudioVersion = 10.0.40219.1
Project("{FAE04EC0-301F-11D3-BF4B-00C04F79EFBC}") = "APITestingWRestSharp", "APITestingWRestSharp\APITestingWRestSharp.csproj", "{1515CAAB-0F35-40B6-8A75-C725668D3110}"
EndProject
Project("{FAE04EC0-301F-11D3-BF4B-00C04F79EFBC}") = "APITests", "APITests\APITests.csproj", "{346233C4-B610-463E-A9C3-FB7F3A937B93}"
EndProject
Global
	GlobalSection(SolutionConfigurationPlatforms) = preSolution
		Debug|Any CPU = Debug|Any CPU
		Release|Any CPU = Release|Any CPU
	EndGlobalSection
	GlobalSection(ProjectConfigurationPlatforms) = postSolution
		{1515CAAB-0F35-40B6-8A75-C725668D3110}.Debug|Any CPU.ActiveCfg = Debug|Any CPU
		{1515CAAB-0F35-40B6-8A75-C725668D3110}.Debug|Any CPU.Build.0 = Debug|Any CPU
		{1515CAAB-0F35-40B6-8A75-C725668D3110}.Release|Any CPU.ActiveCfg = Release|Any CPU
		{1515CAAB-0F35-40B6-8A75-C725668D3110}.Release|Any CPU.Build.0 = Release|Any CPU
		{346233C4-B610-463E-A9C3-FB7F3A937B93}.Debug|Any CPU.ActiveCfg = Debug|Any CPU
		{346233C4-B610-463E-A9C3-FB7F3A937B93}.Debug|Any CPU.Build.0 = Debug|Any CPU
		{346233C4-B610-463E-A9C3-FB7F3A937B93}.Release|Any CPU.ActiveCfg = Release|Any CPU
		{346233C4-B610-463E-A9C3-FB7F3A937B93}.Release|Any CPU.Build.0 = Release|Any CPU
	EndGlobalSection
	GlobalSection(SolutionProperties) = preSolution
		HideSolutionNode = FALSE
	EndGlobalSection
	GlobalSection(ExtensibilityGlobals) = postSolution
		SolutionGuid = {733A68C3-0FB6-48D7-A3BE-2C9BC5961B0B}
	EndGlobalSection
EndGlobal
